
Microsoft Visual Studio Solution File, Format Version 12.00
# Visual Studio Version 17
VisualStudioVersion = 17.2.32630.192
MinimumVisualStudioVersion = 10.0.40219.1
Project("{FAE04EC0-301F-11D3-BF4B-00C04F79EFBC}") = "CodeFirstDemo", "CodeFirstDemo\CodeFirstDemo.csproj", "{DCAE14D8-52B4-4D78-9070-56B61958A666}"
EndProject
Global
	GlobalSection(SolutionConfigurationPlatforms) = preSolution
		Debug|Any CPU = Debug|Any CPU
		Release|Any CPU = Release|Any CPU
	EndGlobalSection
	GlobalSection(ProjectConfigurationPlatforms) = postSolution
		{DCAE14D8-52B4-4D78-9070-56B61958A666}.Debug|Any CPU.ActiveCfg = Debug|Any CPU
		{DCAE14D8-52B4-4D78-9070-56B61958A666}.Debug|Any CPU.Build.0 = Debug|Any CPU
		{DCAE14D8-52B4-4D78-9070-56B61958A666}.Release|Any CPU.ActiveCfg = Release|Any CPU
		{DCAE14D8-52B4-4D78-9070-56B61958A666}.Release|Any CPU.Build.0 = Release|Any CPU
	EndGlobalSection
	GlobalSection(SolutionProperties) = preSolution
		HideSolutionNode = FALSE
	EndGlobalSection
	GlobalSection(ExtensibilityGlobals) = postSolution
		SolutionGuid = {BA8D64E2-AE18-46DD-81D6-D476D2769A4C}
	EndGlobalSection
EndGlobal
